
Microsoft Visual Studio Solution File, Format Version 12.00
# Visual Studio Version 17
VisualStudioVersion = 17.11.35327.3
MinimumVisualStudioVersion = 10.0.40219.1
Project("{FAE04EC0-301F-11D3-BF4B-00C04F79EFBC}") = "API", "API\API.csproj", "{5D72D205-161D-4C9B-B584-8627DFF12E24}"
EndProject
Project("{FAE04EC0-301F-11D3-BF4B-00C04F79EFBC}") = "DataLayer", "DataLayer\DataLayer.csproj", "{4606999B-76BC-4877-AAC1-25F589828B42}"
EndProject
Project("{FAE04EC0-301F-11D3-BF4B-00C04F79EFBC}") = "EntityLayer", "EntityLayer\EntityLayer.csproj", "{19FC5888-02D0-4F4C-9BB7-0BFC7BEEA8A5}"
EndProject
Project("{FAE04EC0-301F-11D3-BF4B-00C04F79EFBC}") = "BusinessLayer", "BusinessLayer\BusinessLayer.csproj", "{2FDCB5C6-D407-4E43-90A8-2977385DD578}"
EndProject
Global
	GlobalSection(SolutionConfigurationPlatforms) = preSolution
		Debug|Any CPU = Debug|Any CPU
		Release|Any CPU = Release|Any CPU
	EndGlobalSection
	GlobalSection(ProjectConfigurationPlatforms) = postSolution
		{5D72D205-161D-4C9B-B584-8627DFF12E24}.Debug|Any CPU.ActiveCfg = Debug|Any CPU
		{5D72D205-161D-4C9B-B584-8627DFF12E24}.Debug|Any CPU.Build.0 = Debug|Any CPU
		{5D72D205-161D-4C9B-B584-8627DFF12E24}.Release|Any CPU.ActiveCfg = Release|Any CPU
		{5D72D205-161D-4C9B-B584-8627DFF12E24}.Release|Any CPU.Build.0 = Release|Any CPU
		{4606999B-76BC-4877-AAC1-25F589828B42}.Debug|Any CPU.ActiveCfg = Debug|Any CPU
		{4606999B-76BC-4877-AAC1-25F589828B42}.Debug|Any CPU.Build.0 = Debug|Any CPU
		{4606999B-76BC-4877-AAC1-25F589828B42}.Release|Any CPU.ActiveCfg = Release|Any CPU
		{4606999B-76BC-4877-AAC1-25F589828B42}.Release|Any CPU.Build.0 = Release|Any CPU
		{19FC5888-02D0-4F4C-9BB7-0BFC7BEEA8A5}.Debug|Any CPU.ActiveCfg = Debug|Any CPU
		{19FC5888-02D0-4F4C-9BB7-0BFC7BEEA8A5}.Debug|Any CPU.Build.0 = Debug|Any CPU
		{19FC5888-02D0-4F4C-9BB7-0BFC7BEEA8A5}.Release|Any CPU.ActiveCfg = Release|Any CPU
		{19FC5888-02D0-4F4C-9BB7-0BFC7BEEA8A5}.Release|Any CPU.Build.0 = Release|Any CPU
		{2FDCB5C6-D407-4E43-90A8-2977385DD578}.Debug|Any CPU.ActiveCfg = Debug|Any CPU
		{2FDCB5C6-D407-4E43-90A8-2977385DD578}.Debug|Any CPU.Build.0 = Debug|Any CPU
		{2FDCB5C6-D407-4E43-90A8-2977385DD578}.Release|Any CPU.ActiveCfg = Release|Any CPU
		{2FDCB5C6-D407-4E43-90A8-2977385DD578}.Release|Any CPU.Build.0 = Release|Any CPU
	EndGlobalSection
	GlobalSection(SolutionProperties) = preSolution
		HideSolutionNode = FALSE
	EndGlobalSection
	GlobalSection(ExtensibilityGlobals) = postSolution
		SolutionGuid = {F220F88C-F84F-4644-94BB-8D25E4BADA17}
	EndGlobalSection
EndGlobal
